
Microsoft Visual Studio Solution File, Format Version 12.00
# Visual Studio Version 17
VisualStudioVersion = 17.0.32126.317
MinimumVisualStudioVersion = 10.0.40219.1
Project("{FAE04EC0-301F-11D3-BF4B-00C04F79EFBC}") = "Events", "Events\Events.csproj", "{72159FF2-6979-45F6-B9B2-A9BC80C530E4}"
EndProject
Global
	GlobalSection(SolutionConfigurationPlatforms) = preSolution
		Debug|Any CPU = Debug|Any CPU
		Release|Any CPU = Release|Any CPU
	EndGlobalSection
	GlobalSection(ProjectConfigurationPlatforms) = postSolution
		{72159FF2-6979-45F6-B9B2-A9BC80C530E4}.Debug|Any CPU.ActiveCfg = Debug|Any CPU
		{72159FF2-6979-45F6-B9B2-A9BC80C530E4}.Debug|Any CPU.Build.0 = Debug|Any CPU
		{72159FF2-6979-45F6-B9B2-A9BC80C530E4}.Release|Any CPU.ActiveCfg = Release|Any CPU
		{72159FF2-6979-45F6-B9B2-A9BC80C530E4}.Release|Any CPU.Build.0 = Release|Any CPU
	EndGlobalSection
	GlobalSection(SolutionProperties) = preSolution
		HideSolutionNode = FALSE
	EndGlobalSection
	GlobalSection(ExtensibilityGlobals) = postSolution
		SolutionGuid = {0FC918B2-9066-426E-92FA-CE3A2B7015FA}
	EndGlobalSection
EndGlobal
